
Microsoft Visual Studio Solution File, Format Version 12.00
# Visual Studio Version 17
VisualStudioVersion = 17.5.002.0
MinimumVisualStudioVersion = 10.0.40219.1
Project("{2150E333-8FDC-42A3-9474-1A3956D46DE8}") = "src", "src", "{A29FA3AC-9BF1-42B8-8B4C-5B9AFEE15D9A}"
EndProject
Project("{9A19103F-16F7-4668-BE54-9A1E7A4F7556}") = "CRM.Deal.Service", "src\CRM.Deal.Service\CRM.Deal.Service.csproj", "{687B476E-29BB-4E39-B52B-9FE1EAA876D1}"
EndProject
Global
	GlobalSection(SolutionConfigurationPlatforms) = preSolution
		Debug|Any CPU = Debug|Any CPU
		Release|Any CPU = Release|Any CPU
	EndGlobalSection
	GlobalSection(ProjectConfigurationPlatforms) = postSolution
		{687B476E-29BB-4E39-B52B-9FE1EAA876D1}.Debug|Any CPU.ActiveCfg = Debug|Any CPU
		{687B476E-29BB-4E39-B52B-9FE1EAA876D1}.Debug|Any CPU.Build.0 = Debug|Any CPU
		{687B476E-29BB-4E39-B52B-9FE1EAA876D1}.Release|Any CPU.ActiveCfg = Release|Any CPU
		{687B476E-29BB-4E39-B52B-9FE1EAA876D1}.Release|Any CPU.Build.0 = Release|Any CPU
	EndGlobalSection
	GlobalSection(SolutionProperties) = preSolution
		HideSolutionNode = FALSE
	EndGlobalSection
	GlobalSection(NestedProjects) = preSolution
		{687B476E-29BB-4E39-B52B-9FE1EAA876D1} = {A29FA3AC-9BF1-42B8-8B4C-5B9AFEE15D9A}
	EndGlobalSection
	GlobalSection(ExtensibilityGlobals) = postSolution
		SolutionGuid = {70EE9578-B115-43F7-987E-24A6E20D9891}
	EndGlobalSection
EndGlobal
