
Microsoft Visual Studio Solution File, Format Version 12.00
# Visual Studio Version 17
VisualStudioVersion = 17.5.002.0
MinimumVisualStudioVersion = 10.0.40219.1
Project("{2150E333-8FDC-42A3-9474-1A3956D46DE8}") = "src", "src", "{42F2324C-BED5-4F27-AA5D-F6A49FFA266E}"
EndProject
Project("{9A19103F-16F7-4668-BE54-9A1E7A4F7556}") = "CRM.TelegramUser.Service", "src\CRM.TelegramUser.Service\CRM.TelegramUser.Service.csproj", "{BA73F1F7-D447-4F3D-A59D-FA09E1E11C05}"
EndProject
Global
	GlobalSection(SolutionConfigurationPlatforms) = preSolution
		Debug|Any CPU = Debug|Any CPU
		Release|Any CPU = Release|Any CPU
	EndGlobalSection
	GlobalSection(ProjectConfigurationPlatforms) = postSolution
		{BA73F1F7-D447-4F3D-A59D-FA09E1E11C05}.Debug|Any CPU.ActiveCfg = Debug|Any CPU
		{BA73F1F7-D447-4F3D-A59D-FA09E1E11C05}.Debug|Any CPU.Build.0 = Debug|Any CPU
		{BA73F1F7-D447-4F3D-A59D-FA09E1E11C05}.Release|Any CPU.ActiveCfg = Release|Any CPU
		{BA73F1F7-D447-4F3D-A59D-FA09E1E11C05}.Release|Any CPU.Build.0 = Release|Any CPU
	EndGlobalSection
	GlobalSection(SolutionProperties) = preSolution
		HideSolutionNode = FALSE
	EndGlobalSection
	GlobalSection(NestedProjects) = preSolution
		{BA73F1F7-D447-4F3D-A59D-FA09E1E11C05} = {42F2324C-BED5-4F27-AA5D-F6A49FFA266E}
	EndGlobalSection
	GlobalSection(ExtensibilityGlobals) = postSolution
		SolutionGuid = {D341A716-E6AB-43BB-B26F-CD54A0FAD8FC}
	EndGlobalSection
EndGlobal
