
Microsoft Visual Studio Solution File, Format Version 12.00
# Visual Studio Version 17
VisualStudioVersion = 17.5.002.0
MinimumVisualStudioVersion = 10.0.40219.1
Project("{2150E333-8FDC-42A3-9474-1A3956D46DE8}") = "src", "src", "{748950D2-1AF3-4433-92E0-FC673CCD0389}"
EndProject
Project("{9A19103F-16F7-4668-BE54-9A1E7A4F7556}") = "CRM.Common", "src\CRM.Common\CRM.Common.csproj", "{FE441EC6-19D7-4A5B-9894-A5579CEB932C}"
EndProject
Global
	GlobalSection(SolutionConfigurationPlatforms) = preSolution
		Debug|Any CPU = Debug|Any CPU
		Release|Any CPU = Release|Any CPU
	EndGlobalSection
	GlobalSection(ProjectConfigurationPlatforms) = postSolution
		{FE441EC6-19D7-4A5B-9894-A5579CEB932C}.Debug|Any CPU.ActiveCfg = Debug|Any CPU
		{FE441EC6-19D7-4A5B-9894-A5579CEB932C}.Debug|Any CPU.Build.0 = Debug|Any CPU
		{FE441EC6-19D7-4A5B-9894-A5579CEB932C}.Release|Any CPU.ActiveCfg = Release|Any CPU
		{FE441EC6-19D7-4A5B-9894-A5579CEB932C}.Release|Any CPU.Build.0 = Release|Any CPU
	EndGlobalSection
	GlobalSection(SolutionProperties) = preSolution
		HideSolutionNode = FALSE
	EndGlobalSection
	GlobalSection(NestedProjects) = preSolution
		{FE441EC6-19D7-4A5B-9894-A5579CEB932C} = {748950D2-1AF3-4433-92E0-FC673CCD0389}
	EndGlobalSection
	GlobalSection(ExtensibilityGlobals) = postSolution
		SolutionGuid = {E67910F4-C3B0-43C3-BCED-566142C9755F}
	EndGlobalSection
EndGlobal
